
Microsoft Visual Studio Solution File, Format Version 12.00
# Visual Studio Version 16
VisualStudioVersion = 16.0.31729.503
MinimumVisualStudioVersion = 10.0.40219.1
Project("{FAE04EC0-301F-11D3-BF4B-00C04F79EFBC}") = "Licenta", "Licenta\Licenta.csproj", "{56A577A4-CDE5-4C42-A482-104D4D3BDB2E}"
EndProject
Project("{FAE04EC0-301F-11D3-BF4B-00C04F79EFBC}") = "ServiceLayer", "ServiceLayer\ServiceLayer.csproj", "{3BCE99CB-7F89-4CFE-BAB0-5A0B5DDBE9F3}"
EndProject
Global
	GlobalSection(SolutionConfigurationPlatforms) = preSolution
		Debug|Any CPU = Debug|Any CPU
		Release|Any CPU = Release|Any CPU
	EndGlobalSection
	GlobalSection(ProjectConfigurationPlatforms) = postSolution
		{56A577A4-CDE5-4C42-A482-104D4D3BDB2E}.Debug|Any CPU.ActiveCfg = Debug|Any CPU
		{56A577A4-CDE5-4C42-A482-104D4D3BDB2E}.Debug|Any CPU.Build.0 = Debug|Any CPU
		{56A577A4-CDE5-4C42-A482-104D4D3BDB2E}.Release|Any CPU.ActiveCfg = Release|Any CPU
		{56A577A4-CDE5-4C42-A482-104D4D3BDB2E}.Release|Any CPU.Build.0 = Release|Any CPU
		{3BCE99CB-7F89-4CFE-BAB0-5A0B5DDBE9F3}.Debug|Any CPU.ActiveCfg = Debug|Any CPU
		{3BCE99CB-7F89-4CFE-BAB0-5A0B5DDBE9F3}.Debug|Any CPU.Build.0 = Debug|Any CPU
		{3BCE99CB-7F89-4CFE-BAB0-5A0B5DDBE9F3}.Release|Any CPU.ActiveCfg = Release|Any CPU
		{3BCE99CB-7F89-4CFE-BAB0-5A0B5DDBE9F3}.Release|Any CPU.Build.0 = Release|Any CPU
	EndGlobalSection
	GlobalSection(SolutionProperties) = preSolution
		HideSolutionNode = FALSE
	EndGlobalSection
	GlobalSection(ExtensibilityGlobals) = postSolution
		SolutionGuid = {25120A22-22D5-4942-B3E2-C9BB84C3D642}
	EndGlobalSection
EndGlobal
